
Microsoft Visual Studio Solution File, Format Version 12.00
# Visual Studio Version 16
VisualStudioVersion = 16.0.30503.244
MinimumVisualStudioVersion = 10.0.40219.1
Project("{FAE04EC0-301F-11D3-BF4B-00C04F79EFBC}") = "StackOverFlowPostMimic", "StackOverFlowPostMimic.csproj", "{427F79C9-0499-42FD-888F-842FF7867D46}"
EndProject
Global
	GlobalSection(SolutionConfigurationPlatforms) = preSolution
		Debug|Any CPU = Debug|Any CPU
		Release|Any CPU = Release|Any CPU
	EndGlobalSection
	GlobalSection(ProjectConfigurationPlatforms) = postSolution
		{427F79C9-0499-42FD-888F-842FF7867D46}.Debug|Any CPU.ActiveCfg = Debug|Any CPU
		{427F79C9-0499-42FD-888F-842FF7867D46}.Debug|Any CPU.Build.0 = Debug|Any CPU
		{427F79C9-0499-42FD-888F-842FF7867D46}.Release|Any CPU.ActiveCfg = Release|Any CPU
		{427F79C9-0499-42FD-888F-842FF7867D46}.Release|Any CPU.Build.0 = Release|Any CPU
	EndGlobalSection
	GlobalSection(SolutionProperties) = preSolution
		HideSolutionNode = FALSE
	EndGlobalSection
	GlobalSection(ExtensibilityGlobals) = postSolution
		SolutionGuid = {A5D78200-AF02-4286-9450-771D59276B2D}
	EndGlobalSection
EndGlobal
